
Microsoft Visual Studio Solution File, Format Version 12.00
# Visual Studio Version 17
VisualStudioVersion = 17.1.32228.430
MinimumVisualStudioVersion = 10.0.40219.1
Project("{2150E333-8FDC-42A3-9474-1A3956D46DE8}") = "src", "src", "{DDCE5AB4-47DC-419D-A2E6-409F61520BB1}"
EndProject
Project("{2150E333-8FDC-42A3-9474-1A3956D46DE8}") = "Solution Items", "Solution Items", "{3F7FE2B6-0D6D-4B54-AC56-A0DF643E999F}"
	ProjectSection(SolutionItems) = preProject
		ServiceUrls.txt = ServiceUrls.txt
	EndProjectSection
EndProject
Project("{2150E333-8FDC-42A3-9474-1A3956D46DE8}") = "ApiGateways", "ApiGateways", "{A385AF37-12D6-4470-B66F-E343AE36A552}"
EndProject
Project("{2150E333-8FDC-42A3-9474-1A3956D46DE8}") = "BuildingBlocks", "BuildingBlocks", "{BF2B5DE3-6F47-4ABB-B12C-5152DC04DB53}"
EndProject
Project("{2150E333-8FDC-42A3-9474-1A3956D46DE8}") = "Clients", "Clients", "{CCBA434F-E28F-412A-A318-2459277F52A5}"
EndProject
Project("{2150E333-8FDC-42A3-9474-1A3956D46DE8}") = "Services", "Services", "{F8266C72-8BEC-4EE1-9387-1FE9C5578965}"
EndProject
Project("{2150E333-8FDC-42A3-9474-1A3956D46DE8}") = "WebApiGateway", "WebApiGateway", "{C02FCA2D-F938-4C76-A921-021716C2FA40}"
EndProject
Project("{9A19103F-16F7-4668-BE54-9A1E7A4F7556}") = "Web.ApiGateway", "src\ApiGateways\WebApiGateway\Web.ApiGateway\Web.ApiGateway.csproj", "{631AF172-6E19-433E-A09A-2778D0AA164E}"
EndProject
Project("{2150E333-8FDC-42A3-9474-1A3956D46DE8}") = "EventBus", "EventBus", "{402CB3CB-BD2A-49A6-9B2B-2F9C2BED71B5}"
EndProject
Project("{9A19103F-16F7-4668-BE54-9A1E7A4F7556}") = "EventBus.Base", "src\BuildingBlocks\EventBus\EventBus.Base\EventBus.Base.csproj", "{16DA87CB-E384-426D-8606-D0085D4AD95C}"
EndProject
Project("{9A19103F-16F7-4668-BE54-9A1E7A4F7556}") = "EventBus.Factory", "src\BuildingBlocks\EventBus\EventBus.Factory\EventBus.Factory.csproj", "{6850DA0F-EA60-416C-A330-3BBE30096717}"
EndProject
Project("{9A19103F-16F7-4668-BE54-9A1E7A4F7556}") = "EventBus.AzureServiceBus", "src\BuildingBlocks\EventBus\EventBus.AzureServiceBus\EventBus.AzureServiceBus.csproj", "{679825BF-140B-4539-8BFB-A6D56FE3A62B}"
EndProject
Project("{9A19103F-16F7-4668-BE54-9A1E7A4F7556}") = "EventBus.RabbitMQ", "src\BuildingBlocks\EventBus\EventBus.RabbitMQ\EventBus.RabbitMQ.csproj", "{C90DBDB9-E732-4D1F-A0C3-8E0BF8982918}"
EndProject
Project("{2150E333-8FDC-42A3-9474-1A3956D46DE8}") = "BlazorWebApp", "BlazorWebApp", "{850499AE-537C-43E4-BAB1-CF689AC43572}"
EndProject
Project("{9A19103F-16F7-4668-BE54-9A1E7A4F7556}") = "WebApp", "src\Clients\BlazorWebApp\WebApp\WebApp.csproj", "{B7C54C4A-D11C-4416-BF8A-298812119CB9}"
EndProject
Project("{2150E333-8FDC-42A3-9474-1A3956D46DE8}") = "BasketService", "BasketService", "{62A857F4-4242-4B7D-8684-2BB938C3B908}"
EndProject
Project("{9A19103F-16F7-4668-BE54-9A1E7A4F7556}") = "BasketService.Api", "src\Services\BasketService\BasketService.Api\BasketService.Api.csproj", "{E9A8E2F9-550E-4FDE-AEBE-BE1386BE2536}"
EndProject
Project("{2150E333-8FDC-42A3-9474-1A3956D46DE8}") = "CatalogService", "CatalogService", "{FA7C9508-28C4-4BB4-9147-087ADE4BDFC4}"
EndProject
Project("{9A19103F-16F7-4668-BE54-9A1E7A4F7556}") = "CatalogService.Api", "src\Services\CatalogService\CatalogService.Api\CatalogService.Api.csproj", "{F35D6A2B-FCC3-4C1A-9219-7497D0E3900D}"
EndProject
Project("{2150E333-8FDC-42A3-9474-1A3956D46DE8}") = "IdentityService", "IdentityService", "{CB7E855C-3289-46DC-BC08-A380C3DDE33D}"
EndProject
Project("{9A19103F-16F7-4668-BE54-9A1E7A4F7556}") = "IdentityService.Api", "src\Services\IdentityService\IdentityService.Api\IdentityService.Api.csproj", "{A80A2239-4A34-4078-ABAA-1519D830363D}"
EndProject
Project("{2150E333-8FDC-42A3-9474-1A3956D46DE8}") = "NotificationService", "NotificationService", "{FC8F7AA7-294B-4CC7-9C00-2D38161F0C85}"
EndProject
Project("{9A19103F-16F7-4668-BE54-9A1E7A4F7556}") = "NotificationService", "src\Services\NotificationService\NotificationService\NotificationService.csproj", "{CBEE1CAF-8F2D-497F-935F-58554A6CEA68}"
EndProject
Project("{2150E333-8FDC-42A3-9474-1A3956D46DE8}") = "OrderService", "OrderService", "{9EA91BD4-EA6A-41C3-983F-289C7A3F1A3B}"
EndProject
Project("{9A19103F-16F7-4668-BE54-9A1E7A4F7556}") = "OrderService.Domain", "src\Services\OrderService\OrderService.Domain\OrderService.Domain.csproj", "{DF9ADFFB-A312-484D-BBF0-66C4A0570CC9}"
EndProject
Project("{9A19103F-16F7-4668-BE54-9A1E7A4F7556}") = "OrderService.Application", "src\Services\OrderService\OrderService.Application\OrderService.Application.csproj", "{CFFD411F-1ADD-4F2E-A437-4CF7C111B073}"
EndProject
Project("{9A19103F-16F7-4668-BE54-9A1E7A4F7556}") = "OrderService.Infrastructure", "src\Services\OrderService\OrderService.Infrastructure\OrderService.Infrastructure.csproj", "{A4CB431C-4628-464F-9146-01778AEB2265}"
EndProject
Project("{9A19103F-16F7-4668-BE54-9A1E7A4F7556}") = "OrderService.Api", "src\Services\OrderService\OrderService.Api\OrderService.Api.csproj", "{03AD5FA5-53A7-46E7-8384-8E2CFEB6BD4C}"
EndProject
Project("{2150E333-8FDC-42A3-9474-1A3956D46DE8}") = "PaymentService", "PaymentService", "{116B91F3-277C-4E5F-BE7F-246AA1C30B53}"
EndProject
Project("{9A19103F-16F7-4668-BE54-9A1E7A4F7556}") = "PaymentService.Api", "src\Services\PaymentService\PaymentService.Api\PaymentService.Api.csproj", "{550934F6-BA21-44B2-94C2-95EFBF3E2E23}"
EndProject
Project("{2150E333-8FDC-42A3-9474-1A3956D46DE8}") = "tests", "tests", "{A755CF34-9F68-4383-BBD1-38AC36467224}"
EndProject
Project("{2150E333-8FDC-42A3-9474-1A3956D46DE8}") = "BuildingBlocks", "BuildingBlocks", "{D95C23C7-B41F-4DC8-9D18-0D5FC300D69D}"
EndProject
Project("{9A19103F-16F7-4668-BE54-9A1E7A4F7556}") = "EventBus.UnitTest", "tests\BuildingBlocks\EventBus.UnitTest\EventBus.UnitTest.csproj", "{712DF7C9-CBC2-4D39-B9C3-E42BEE6F2CF5}"
EndProject
Global
	GlobalSection(SolutionConfigurationPlatforms) = preSolution
		Debug|Any CPU = Debug|Any CPU
		Release|Any CPU = Release|Any CPU
	EndGlobalSection
	GlobalSection(ProjectConfigurationPlatforms) = postSolution
		{631AF172-6E19-433E-A09A-2778D0AA164E}.Debug|Any CPU.ActiveCfg = Debug|Any CPU
		{631AF172-6E19-433E-A09A-2778D0AA164E}.Debug|Any CPU.Build.0 = Debug|Any CPU
		{631AF172-6E19-433E-A09A-2778D0AA164E}.Release|Any CPU.ActiveCfg = Release|Any CPU
		{631AF172-6E19-433E-A09A-2778D0AA164E}.Release|Any CPU.Build.0 = Release|Any CPU
		{16DA87CB-E384-426D-8606-D0085D4AD95C}.Debug|Any CPU.ActiveCfg = Debug|Any CPU
		{16DA87CB-E384-426D-8606-D0085D4AD95C}.Debug|Any CPU.Build.0 = Debug|Any CPU
		{16DA87CB-E384-426D-8606-D0085D4AD95C}.Release|Any CPU.ActiveCfg = Release|Any CPU
		{16DA87CB-E384-426D-8606-D0085D4AD95C}.Release|Any CPU.Build.0 = Release|Any CPU
		{6850DA0F-EA60-416C-A330-3BBE30096717}.Debug|Any CPU.ActiveCfg = Debug|Any CPU
		{6850DA0F-EA60-416C-A330-3BBE30096717}.Debug|Any CPU.Build.0 = Debug|Any CPU
		{6850DA0F-EA60-416C-A330-3BBE30096717}.Release|Any CPU.ActiveCfg = Release|Any CPU
		{6850DA0F-EA60-416C-A330-3BBE30096717}.Release|Any CPU.Build.0 = Release|Any CPU
		{679825BF-140B-4539-8BFB-A6D56FE3A62B}.Debug|Any CPU.ActiveCfg = Debug|Any CPU
		{679825BF-140B-4539-8BFB-A6D56FE3A62B}.Debug|Any CPU.Build.0 = Debug|Any CPU
		{679825BF-140B-4539-8BFB-A6D56FE3A62B}.Release|Any CPU.ActiveCfg = Release|Any CPU
		{679825BF-140B-4539-8BFB-A6D56FE3A62B}.Release|Any CPU.Build.0 = Release|Any CPU
		{C90DBDB9-E732-4D1F-A0C3-8E0BF8982918}.Debug|Any CPU.ActiveCfg = Debug|Any CPU
		{C90DBDB9-E732-4D1F-A0C3-8E0BF8982918}.Debug|Any CPU.Build.0 = Debug|Any CPU
		{C90DBDB9-E732-4D1F-A0C3-8E0BF8982918}.Release|Any CPU.ActiveCfg = Release|Any CPU
		{C90DBDB9-E732-4D1F-A0C3-8E0BF8982918}.Release|Any CPU.Build.0 = Release|Any CPU
		{B7C54C4A-D11C-4416-BF8A-298812119CB9}.Debug|Any CPU.ActiveCfg = Debug|Any CPU
		{B7C54C4A-D11C-4416-BF8A-298812119CB9}.Debug|Any CPU.Build.0 = Debug|Any CPU
		{B7C54C4A-D11C-4416-BF8A-298812119CB9}.Release|Any CPU.ActiveCfg = Release|Any CPU
		{B7C54C4A-D11C-4416-BF8A-298812119CB9}.Release|Any CPU.Build.0 = Release|Any CPU
		{E9A8E2F9-550E-4FDE-AEBE-BE1386BE2536}.Debug|Any CPU.ActiveCfg = Debug|Any CPU
		{E9A8E2F9-550E-4FDE-AEBE-BE1386BE2536}.Debug|Any CPU.Build.0 = Debug|Any CPU
		{E9A8E2F9-550E-4FDE-AEBE-BE1386BE2536}.Release|Any CPU.ActiveCfg = Release|Any CPU
		{E9A8E2F9-550E-4FDE-AEBE-BE1386BE2536}.Release|Any CPU.Build.0 = Release|Any CPU
		{F35D6A2B-FCC3-4C1A-9219-7497D0E3900D}.Debug|Any CPU.ActiveCfg = Debug|Any CPU
		{F35D6A2B-FCC3-4C1A-9219-7497D0E3900D}.Debug|Any CPU.Build.0 = Debug|Any CPU
		{F35D6A2B-FCC3-4C1A-9219-7497D0E3900D}.Release|Any CPU.ActiveCfg = Release|Any CPU
		{F35D6A2B-FCC3-4C1A-9219-7497D0E3900D}.Release|Any CPU.Build.0 = Release|Any CPU
		{A80A2239-4A34-4078-ABAA-1519D830363D}.Debug|Any CPU.ActiveCfg = Debug|Any CPU
		{A80A2239-4A34-4078-ABAA-1519D830363D}.Debug|Any CPU.Build.0 = Debug|Any CPU
		{A80A2239-4A34-4078-ABAA-1519D830363D}.Release|Any CPU.ActiveCfg = Release|Any CPU
		{A80A2239-4A34-4078-ABAA-1519D830363D}.Release|Any CPU.Build.0 = Release|Any CPU
		{CBEE1CAF-8F2D-497F-935F-58554A6CEA68}.Debug|Any CPU.ActiveCfg = Debug|Any CPU
		{CBEE1CAF-8F2D-497F-935F-58554A6CEA68}.Debug|Any CPU.Build.0 = Debug|Any CPU
		{CBEE1CAF-8F2D-497F-935F-58554A6CEA68}.Release|Any CPU.ActiveCfg = Release|Any CPU
		{CBEE1CAF-8F2D-497F-935F-58554A6CEA68}.Release|Any CPU.Build.0 = Release|Any CPU
		{DF9ADFFB-A312-484D-BBF0-66C4A0570CC9}.Debug|Any CPU.ActiveCfg = Debug|Any CPU
		{DF9ADFFB-A312-484D-BBF0-66C4A0570CC9}.Debug|Any CPU.Build.0 = Debug|Any CPU
		{DF9ADFFB-A312-484D-BBF0-66C4A0570CC9}.Release|Any CPU.ActiveCfg = Release|Any CPU
		{DF9ADFFB-A312-484D-BBF0-66C4A0570CC9}.Release|Any CPU.Build.0 = Release|Any CPU
		{CFFD411F-1ADD-4F2E-A437-4CF7C111B073}.Debug|Any CPU.ActiveCfg = Debug|Any CPU
		{CFFD411F-1ADD-4F2E-A437-4CF7C111B073}.Debug|Any CPU.Build.0 = Debug|Any CPU
		{CFFD411F-1ADD-4F2E-A437-4CF7C111B073}.Release|Any CPU.ActiveCfg = Release|Any CPU
		{CFFD411F-1ADD-4F2E-A437-4CF7C111B073}.Release|Any CPU.Build.0 = Release|Any CPU
		{A4CB431C-4628-464F-9146-01778AEB2265}.Debug|Any CPU.ActiveCfg = Debug|Any CPU
		{A4CB431C-4628-464F-9146-01778AEB2265}.Debug|Any CPU.Build.0 = Debug|Any CPU
		{A4CB431C-4628-464F-9146-01778AEB2265}.Release|Any CPU.ActiveCfg = Release|Any CPU
		{A4CB431C-4628-464F-9146-01778AEB2265}.Release|Any CPU.Build.0 = Release|Any CPU
		{03AD5FA5-53A7-46E7-8384-8E2CFEB6BD4C}.Debug|Any CPU.ActiveCfg = Debug|Any CPU
		{03AD5FA5-53A7-46E7-8384-8E2CFEB6BD4C}.Debug|Any CPU.Build.0 = Debug|Any CPU
		{03AD5FA5-53A7-46E7-8384-8E2CFEB6BD4C}.Release|Any CPU.ActiveCfg = Release|Any CPU
		{03AD5FA5-53A7-46E7-8384-8E2CFEB6BD4C}.Release|Any CPU.Build.0 = Release|Any CPU
		{550934F6-BA21-44B2-94C2-95EFBF3E2E23}.Debug|Any CPU.ActiveCfg = Debug|Any CPU
		{550934F6-BA21-44B2-94C2-95EFBF3E2E23}.Debug|Any CPU.Build.0 = Debug|Any CPU
		{550934F6-BA21-44B2-94C2-95EFBF3E2E23}.Release|Any CPU.ActiveCfg = Release|Any CPU
		{550934F6-BA21-44B2-94C2-95EFBF3E2E23}.Release|Any CPU.Build.0 = Release|Any CPU
		{712DF7C9-CBC2-4D39-B9C3-E42BEE6F2CF5}.Debug|Any CPU.ActiveCfg = Debug|Any CPU
		{712DF7C9-CBC2-4D39-B9C3-E42BEE6F2CF5}.Debug|Any CPU.Build.0 = Debug|Any CPU
		{712DF7C9-CBC2-4D39-B9C3-E42BEE6F2CF5}.Release|Any CPU.ActiveCfg = Release|Any CPU
		{712DF7C9-CBC2-4D39-B9C3-E42BEE6F2CF5}.Release|Any CPU.Build.0 = Release|Any CPU
	EndGlobalSection
	GlobalSection(SolutionProperties) = preSolution
		HideSolutionNode = FALSE
	EndGlobalSection
	GlobalSection(NestedProjects) = preSolution
		{A385AF37-12D6-4470-B66F-E343AE36A552} = {DDCE5AB4-47DC-419D-A2E6-409F61520BB1}
		{BF2B5DE3-6F47-4ABB-B12C-5152DC04DB53} = {DDCE5AB4-47DC-419D-A2E6-409F61520BB1}
		{CCBA434F-E28F-412A-A318-2459277F52A5} = {DDCE5AB4-47DC-419D-A2E6-409F61520BB1}
		{F8266C72-8BEC-4EE1-9387-1FE9C5578965} = {DDCE5AB4-47DC-419D-A2E6-409F61520BB1}
		{C02FCA2D-F938-4C76-A921-021716C2FA40} = {A385AF37-12D6-4470-B66F-E343AE36A552}
		{631AF172-6E19-433E-A09A-2778D0AA164E} = {C02FCA2D-F938-4C76-A921-021716C2FA40}
		{402CB3CB-BD2A-49A6-9B2B-2F9C2BED71B5} = {BF2B5DE3-6F47-4ABB-B12C-5152DC04DB53}
		{16DA87CB-E384-426D-8606-D0085D4AD95C} = {402CB3CB-BD2A-49A6-9B2B-2F9C2BED71B5}
		{6850DA0F-EA60-416C-A330-3BBE30096717} = {402CB3CB-BD2A-49A6-9B2B-2F9C2BED71B5}
		{679825BF-140B-4539-8BFB-A6D56FE3A62B} = {402CB3CB-BD2A-49A6-9B2B-2F9C2BED71B5}
		{C90DBDB9-E732-4D1F-A0C3-8E0BF8982918} = {402CB3CB-BD2A-49A6-9B2B-2F9C2BED71B5}
		{850499AE-537C-43E4-BAB1-CF689AC43572} = {CCBA434F-E28F-412A-A318-2459277F52A5}
		{B7C54C4A-D11C-4416-BF8A-298812119CB9} = {850499AE-537C-43E4-BAB1-CF689AC43572}
		{62A857F4-4242-4B7D-8684-2BB938C3B908} = {F8266C72-8BEC-4EE1-9387-1FE9C5578965}
		{E9A8E2F9-550E-4FDE-AEBE-BE1386BE2536} = {62A857F4-4242-4B7D-8684-2BB938C3B908}
		{FA7C9508-28C4-4BB4-9147-087ADE4BDFC4} = {F8266C72-8BEC-4EE1-9387-1FE9C5578965}
		{F35D6A2B-FCC3-4C1A-9219-7497D0E3900D} = {FA7C9508-28C4-4BB4-9147-087ADE4BDFC4}
		{CB7E855C-3289-46DC-BC08-A380C3DDE33D} = {F8266C72-8BEC-4EE1-9387-1FE9C5578965}
		{A80A2239-4A34-4078-ABAA-1519D830363D} = {CB7E855C-3289-46DC-BC08-A380C3DDE33D}
		{FC8F7AA7-294B-4CC7-9C00-2D38161F0C85} = {F8266C72-8BEC-4EE1-9387-1FE9C5578965}
		{CBEE1CAF-8F2D-497F-935F-58554A6CEA68} = {FC8F7AA7-294B-4CC7-9C00-2D38161F0C85}
		{9EA91BD4-EA6A-41C3-983F-289C7A3F1A3B} = {F8266C72-8BEC-4EE1-9387-1FE9C5578965}
		{DF9ADFFB-A312-484D-BBF0-66C4A0570CC9} = {9EA91BD4-EA6A-41C3-983F-289C7A3F1A3B}
		{CFFD411F-1ADD-4F2E-A437-4CF7C111B073} = {9EA91BD4-EA6A-41C3-983F-289C7A3F1A3B}
		{A4CB431C-4628-464F-9146-01778AEB2265} = {9EA91BD4-EA6A-41C3-983F-289C7A3F1A3B}
		{03AD5FA5-53A7-46E7-8384-8E2CFEB6BD4C} = {9EA91BD4-EA6A-41C3-983F-289C7A3F1A3B}
		{116B91F3-277C-4E5F-BE7F-246AA1C30B53} = {F8266C72-8BEC-4EE1-9387-1FE9C5578965}
		{550934F6-BA21-44B2-94C2-95EFBF3E2E23} = {116B91F3-277C-4E5F-BE7F-246AA1C30B53}
		{D95C23C7-B41F-4DC8-9D18-0D5FC300D69D} = {A755CF34-9F68-4383-BBD1-38AC36467224}
		{712DF7C9-CBC2-4D39-B9C3-E42BEE6F2CF5} = {D95C23C7-B41F-4DC8-9D18-0D5FC300D69D}
	EndGlobalSection
	GlobalSection(ExtensibilityGlobals) = postSolution
		SolutionGuid = {BCB6F6DD-C43B-4D1D-9EF3-3829D6D7A214}
	EndGlobalSection
EndGlobal
